// !$*UTF8*$!
{
	archiveVersion = 1;
	classes = {
	};
	objectVersion = 46;
	objects = {

/* Begin PBXBuildFile section */
		0C4233DFD2B94AC4B37B85A7 /* libPods-test.a in Frameworks */ = {isa = PBXBuildFile; fileRef = 142616CB7DB94EF1BD9FEAB1 /* libPods-test.a */; };
		1EED48752DEE4B2AA6D0D548 /* libPods.a in Frameworks */ = {isa = PBXBuildFile; fileRef = 03BF9024A58E4B85B2E6D3FB /* libPods.a */; };
		90CF400362443D953C16F23F /* OHHTTPStubs+GithubAPI.m in Sources */ = {isa = PBXBuildFile; fileRef = 90CF4874E8EEC42B57F5BB9B /* OHHTTPStubs+GithubAPI.m */; };
		90CF40ED761D600608285A14 /* TrendingRepositories.m in Sources */ = {isa = PBXBuildFile; fileRef = 90CF4C40788484273D7025D4 /* TrendingRepositories.m */; };
		90CF4452857929314C527603 /* GithubSearchClient.m in Sources */ = {isa = PBXBuildFile; fileRef = 90CF4276E6C26529017E5E18 /* GithubSearchClient.m */; };
		90CF48BD4C0849CD0183A954 /* TrendingRepositoriesSpec.m in Sources */ = {isa = PBXBuildFile; fileRef = 90CF4CB7A9B3CBCFE6FD549D /* TrendingRepositoriesSpec.m */; };
		90CF49E2F5BCE82971DFFF57 /* TrendingListViewControllerSpec.m in Sources */ = {isa = PBXBuildFile; fileRef = 90CF40A7B2B40D43671EFCDA /* TrendingListViewControllerSpec.m */; };
		90CF4D5BECB070C5EE8F07A3 /* TrendingTableViewDataSourceSpec.m in Sources */ = {isa = PBXBuildFile; fileRef = 90CF411B071FA56F2DCD3E4E /* TrendingTableViewDataSourceSpec.m */; };
		90CF4DFBD12ADB0C18177111 /* GithubSearchClientSpec.m in Sources */ = {isa = PBXBuildFile; fileRef = 90CF4A7574AC87221B22E4BA /* GithubSearchClientSpec.m */; };
		AE09B8B6180A1F85000CD552 /* Foundation.framework in Frameworks */ = {isa = PBXBuildFile; fileRef = AE09B8B5180A1F85000CD552 /* Foundation.framework */; };
		AE09B8B8180A1F85000CD552 /* CoreGraphics.framework in Frameworks */ = {isa = PBXBuildFile; fileRef = AE09B8B7180A1F85000CD552 /* CoreGraphics.framework */; };
		AE09B8BA180A1F85000CD552 /* UIKit.framework in Frameworks */ = {isa = PBXBuildFile; fileRef = AE09B8B9180A1F85000CD552 /* UIKit.framework */; };
		AE09B8C0180A1F85000CD552 /* InfoPlist.strings in Resources */ = {isa = PBXBuildFile; fileRef = AE09B8BE180A1F85000CD552 /* InfoPlist.strings */; };
		AE09B8C2180A1F85000CD552 /* main.m in Sources */ = {isa = PBXBuildFile; fileRef = AE09B8C1180A1F85000CD552 /* main.m */; };
		AE09B8C6180A1F85000CD552 /* GithubTrendingAppDelegate.m in Sources */ = {isa = PBXBuildFile; fileRef = AE09B8C5180A1F85000CD552 /* GithubTrendingAppDelegate.m */; };
		AE09B8C8180A1F85000CD552 /* Images.xcassets in Resources */ = {isa = PBXBuildFile; fileRef = AE09B8C7180A1F85000CD552 /* Images.xcassets */; };
		AE09B8D0180A1F85000CD552 /* Foundation.framework in Frameworks */ = {isa = PBXBuildFile; fileRef = AE09B8B5180A1F85000CD552 /* Foundation.framework */; };
		AE09B8D1180A1F85000CD552 /* UIKit.framework in Frameworks */ = {isa = PBXBuildFile; fileRef = AE09B8B9180A1F85000CD552 /* UIKit.framework */; };
		AE09B8D9180A1F85000CD552 /* InfoPlist.strings in Resources */ = {isa = PBXBuildFile; fileRef = AE09B8D7180A1F85000CD552 /* InfoPlist.strings */; };
		AE09B8EB180A4A6F000CD552 /* AppDelegateSpec.m in Sources */ = {isa = PBXBuildFile; fileRef = AE09B8EA180A4A6F000CD552 /* AppDelegateSpec.m */; };
		AE09B8EE180A4E9B000CD552 /* SenTestingKit.framework in Frameworks */ = {isa = PBXBuildFile; fileRef = AE09B8EC180A4D7A000CD552 /* SenTestingKit.framework */; };
		AE0F2D5D180B55C000137054 /* TrendingListViewController.m in Sources */ = {isa = PBXBuildFile; fileRef = AE0F2D5B180B55C000137054 /* TrendingListViewController.m */; };
		AE0F2D5E180B55C000137054 /* TrendingListViewController.xib in Resources */ = {isa = PBXBuildFile; fileRef = AE0F2D5C180B55C000137054 /* TrendingListViewController.xib */; };
		AE922BC2180B673100CA66FD /* TrendingTableViewDataSource.m in Sources */ = {isa = PBXBuildFile; fileRef = AE922BC1180B673100CA66FD /* TrendingTableViewDataSource.m */; };
		AEC4E3A6180F0BAC00F8EFC7 /* search_response.json in Resources */ = {isa = PBXBuildFile; fileRef = AEC4E3A5180F0BAC00F8EFC7 /* search_response.json */; };
/* End PBXBuildFile section */

/* Begin PBXContainerItemProxy section */
		AE09B8D2180A1F85000CD552 /* PBXContainerItemProxy */ = {
			isa = PBXContainerItemProxy;
			containerPortal = AE09B8AA180A1F85000CD552 /* Project object */;
			proxyType = 1;
			remoteGlobalIDString = AE09B8B1180A1F85000CD552;
			remoteInfo = GithubTrending;
		};
/* End PBXContainerItemProxy section */

/* Begin PBXFileReference section */
		03BF9024A58E4B85B2E6D3FB /* libPods.a */ = {isa = PBXFileReference; explicitFileType = archive.ar; includeInIndex = 0; path = libPods.a; sourceTree = BUILT_PRODUCTS_DIR; };
		142616CB7DB94EF1BD9FEAB1 /* libPods-test.a */ = {isa = PBXFileReference; explicitFileType = archive.ar; includeInIndex = 0; path = "libPods-test.a"; sourceTree = BUILT_PRODUCTS_DIR; };
		1C170278D8CE405F9CC265A1 /* Pods.xcconfig */ = {isa = PBXFileReference; includeInIndex = 1; lastKnownFileType = text.xcconfig; name = Pods.xcconfig; path = Pods/Pods.xcconfig; sourceTree = "<group>"; };
		735ACBE99BE8465BB606436B /* Pods-test.xcconfig */ = {isa = PBXFileReference; includeInIndex = 1; lastKnownFileType = text.xcconfig; name = "Pods-test.xcconfig"; path = "Pods/Pods-test.xcconfig"; sourceTree = "<group>"; };
		90CF40A7B2B40D43671EFCDA /* TrendingListViewControllerSpec.m */ = {isa = PBXFileReference; fileEncoding = 4; lastKnownFileType = sourcecode.c.objc; name = TrendingListViewControllerSpec.m; path = Controllers/TrendingListViewControllerSpec.m; sourceTree = "<group>"; };
		90CF40D7D26BF769521055FF /* OHHTTPStubs+GithubAPI.h */ = {isa = PBXFileReference; fileEncoding = 4; lastKnownFileType = sourcecode.c.h; path = "OHHTTPStubs+GithubAPI.h"; sourceTree = "<group>"; };
		90CF411B071FA56F2DCD3E4E /* TrendingTableViewDataSourceSpec.m */ = {isa = PBXFileReference; fileEncoding = 4; lastKnownFileType = sourcecode.c.objc; name = TrendingTableViewDataSourceSpec.m; path = Controllers/TrendingTableViewDataSourceSpec.m; sourceTree = "<group>"; };
		90CF4276E6C26529017E5E18 /* GithubSearchClient.m */ = {isa = PBXFileReference; fileEncoding = 4; lastKnownFileType = sourcecode.c.objc; path = GithubSearchClient.m; sourceTree = "<group>"; };
		90CF46B956FE13EE24D8C068 /* GithubSearchClient.h */ = {isa = PBXFileReference; fileEncoding = 4; lastKnownFileType = sourcecode.c.h; path = GithubSearchClient.h; sourceTree = "<group>"; };
		90CF4874E8EEC42B57F5BB9B /* OHHTTPStubs+GithubAPI.m */ = {isa = PBXFileReference; fileEncoding = 4; lastKnownFileType = sourcecode.c.objc; path = "OHHTTPStubs+GithubAPI.m"; sourceTree = "<group>"; };
		90CF4A7574AC87221B22E4BA /* GithubSearchClientSpec.m */ = {isa = PBXFileReference; fileEncoding = 4; lastKnownFileType = sourcecode.c.objc; name = GithubSearchClientSpec.m; path = GithubClient/GithubSearchClientSpec.m; sourceTree = "<group>"; };
		AE09B8B2180A1F85000CD552 /* GithubTrending.app */ = {isa = PBXFileReference; explicitFileType = wrapper.application; includeInIndex = 0; path = GithubTrending.app; sourceTree = BUILT_PRODUCTS_DIR; };
		AE09B8B5180A1F85000CD552 /* Foundation.framework */ = {isa = PBXFileReference; lastKnownFileType = wrapper.framework; name = Foundation.framework; path = System/Library/Frameworks/Foundation.framework; sourceTree = SDKROOT; };
		AE09B8B7180A1F85000CD552 /* CoreGraphics.framework */ = {isa = PBXFileReference; lastKnownFileType = wrapper.framework; name = CoreGraphics.framework; path = System/Library/Frameworks/CoreGraphics.framework; sourceTree = SDKROOT; };
		AE09B8B9180A1F85000CD552 /* UIKit.framework */ = {isa = PBXFileReference; lastKnownFileType = wrapper.framework; name = UIKit.framework; path = System/Library/Frameworks/UIKit.framework; sourceTree = SDKROOT; };
		AE09B8BD180A1F85000CD552 /* GithubTrending-Info.plist */ = {isa = PBXFileReference; lastKnownFileType = text.plist.xml; path = "GithubTrending-Info.plist"; sourceTree = "<group>"; };
		AE09B8BF180A1F85000CD552 /* en */ = {isa = PBXFileReference; lastKnownFileType = text.plist.strings; name = en; path = en.lproj/InfoPlist.strings; sourceTree = "<group>"; };
		AE09B8C1180A1F85000CD552 /* main.m */ = {isa = PBXFileReference; lastKnownFileType = sourcecode.c.objc; path = main.m; sourceTree = "<group>"; };
		AE09B8C3180A1F85000CD552 /* GithubTrending-Prefix.pch */ = {isa = PBXFileReference; lastKnownFileType = sourcecode.c.h; path = "GithubTrending-Prefix.pch"; sourceTree = "<group>"; };
		AE09B8C4180A1F85000CD552 /* GithubTrendingAppDelegate.h */ = {isa = PBXFileReference; lastKnownFileType = sourcecode.c.h; path = GithubTrendingAppDelegate.h; sourceTree = "<group>"; };
		AE09B8C5180A1F85000CD552 /* GithubTrendingAppDelegate.m */ = {isa = PBXFileReference; lastKnownFileType = sourcecode.c.objc; path = GithubTrendingAppDelegate.m; sourceTree = "<group>"; };
		AE09B8C7180A1F85000CD552 /* Images.xcassets */ = {isa = PBXFileReference; lastKnownFileType = folder.assetcatalog; path = Images.xcassets; sourceTree = "<group>"; };
		AE09B8CD180A1F85000CD552 /* GithubTrendingTests.octest */ = {isa = PBXFileReference; explicitFileType = wrapper.cfbundle; includeInIndex = 0; path = GithubTrendingTests.octest; sourceTree = BUILT_PRODUCTS_DIR; };
		AE09B8D6180A1F85000CD552 /* GithubTrendingTests-Info.plist */ = {isa = PBXFileReference; lastKnownFileType = text.plist.xml; path = "GithubTrendingTests-Info.plist"; sourceTree = "<group>"; };
		AE09B8D8180A1F85000CD552 /* en */ = {isa = PBXFileReference; lastKnownFileType = text.plist.strings; name = en; path = en.lproj/InfoPlist.strings; sourceTree = "<group>"; };
		AE09B8EA180A4A6F000CD552 /* AppDelegateSpec.m */ = {isa = PBXFileReference; fileEncoding = 4; lastKnownFileType = sourcecode.c.objc; path = AppDelegateSpec.m; sourceTree = "<group>"; };
		AE09B8EC180A4D7A000CD552 /* SenTestingKit.framework */ = {isa = PBXFileReference; lastKnownFileType = wrapper.framework; name = SenTestingKit.framework; path = Library/Frameworks/SenTestingKit.framework; sourceTree = DEVELOPER_DIR; };
		AE09B8EF180B4B89000CD552 /* GithubTrendingTests-Prefix.pch */ = {isa = PBXFileReference; fileEncoding = 4; lastKnownFileType = sourcecode.c.h; path = "GithubTrendingTests-Prefix.pch"; sourceTree = "<group>"; };
		AE0F2D5A180B55C000137054 /* TrendingListViewController.h */ = {isa = PBXFileReference; fileEncoding = 4; lastKnownFileType = sourcecode.c.h; name = TrendingListViewController.h; path = GithubTrending/controllers/TrendingListViewController.h; sourceTree = SOURCE_ROOT; };
		AE0F2D5B180B55C000137054 /* TrendingListViewController.m */ = {isa = PBXFileReference; fileEncoding = 4; lastKnownFileType = sourcecode.c.objc; name = TrendingListViewController.m; path = GithubTrending/controllers/TrendingListViewController.m; sourceTree = SOURCE_ROOT; };
		AE0F2D5C180B55C000137054 /* TrendingListViewController.xib */ = {isa = PBXFileReference; fileEncoding = 4; lastKnownFileType = file.xib; name = TrendingListViewController.xib; path = GithubTrending/controllers/TrendingListViewController.xib; sourceTree = SOURCE_ROOT; };
		AE922BC0180B673100CA66FD /* TrendingTableViewDataSource.h */ = {isa = PBXFileReference; fileEncoding = 4; lastKnownFileType = sourcecode.c.h; name = TrendingTableViewDataSource.h; path = GithubTrending/controllers/TrendingTableViewDataSource.h; sourceTree = SOURCE_ROOT; };
		AE922BC1180B673100CA66FD /* TrendingTableViewDataSource.m */ = {isa = PBXFileReference; fileEncoding = 4; lastKnownFileType = sourcecode.c.objc; name = TrendingTableViewDataSource.m; path = GithubTrending/controllers/TrendingTableViewDataSource.m; sourceTree = SOURCE_ROOT; };
		AEC4E3A5180F0BAC00F8EFC7 /* search_response.json */ = {isa = PBXFileReference; fileEncoding = 4; lastKnownFileType = text.json; name = search_response.json; path = Resources/search_response.json; sourceTree = "<group>"; };
/* End PBXFileReference section */

/* Begin PBXFrameworksBuildPhase section */
		AE09B8AF180A1F85000CD552 /* Frameworks */ = {
			isa = PBXFrameworksBuildPhase;
			buildActionMask = 2147483647;
			files = (
				AE09B8B8180A1F85000CD552 /* CoreGraphics.framework in Frameworks */,
				AE09B8BA180A1F85000CD552 /* UIKit.framework in Frameworks */,
				AE09B8B6180A1F85000CD552 /* Foundation.framework in Frameworks */,
				1EED48752DEE4B2AA6D0D548 /* libPods.a in Frameworks */,
			);
			runOnlyForDeploymentPostprocessing = 0;
		};
		AE09B8CA180A1F85000CD552 /* Frameworks */ = {
			isa = PBXFrameworksBuildPhase;
			buildActionMask = 2147483647;
			files = (
				AE09B8EE180A4E9B000CD552 /* SenTestingKit.framework in Frameworks */,
				AE09B8D1180A1F85000CD552 /* UIKit.framework in Frameworks */,
				AE09B8D0180A1F85000CD552 /* Foundation.framework in Frameworks */,
				0C4233DFD2B94AC4B37B85A7 /* libPods-test.a in Frameworks */,
			);
			runOnlyForDeploymentPostprocessing = 0;
		};
/* End PBXFrameworksBuildPhase section */

/* Begin PBXGroup section */
		90CF495460D458ED9FC6350C /* Controllers */ = {
			isa = PBXGroup;
			children = (
				90CF40A7B2B40D43671EFCDA /* TrendingListViewControllerSpec.m */,
				90CF411B071FA56F2DCD3E4E /* TrendingTableViewDataSourceSpec.m */,
			);
			name = Controllers;
			sourceTree = "<group>";
		};
		90CF4BF9F1E99FBA889C0275 /* Controllers */ = {
			isa = PBXGroup;
			children = (
				AE0F2D5A180B55C000137054 /* TrendingListViewController.h */,
				AE0F2D5B180B55C000137054 /* TrendingListViewController.m */,
				AE0F2D5C180B55C000137054 /* TrendingListViewController.xib */,
				AE922BC0180B673100CA66FD /* TrendingTableViewDataSource.h */,
				AE922BC1180B673100CA66FD /* TrendingTableViewDataSource.m */,
			);
			path = Controllers;
			sourceTree = "<group>";
		};
		90CF4E5C73BDBCEC042CC187 /* GithubClient */ = {
			isa = PBXGroup;
			children = (
				90CF46B956FE13EE24D8C068 /* GithubSearchClient.h */,
				90CF4276E6C26529017E5E18 /* GithubSearchClient.m */,
			);
			path = GithubClient;
			sourceTree = "<group>";
		};
		90CF4FCA4BCB6C4C28AB9F59 /* GithubClient */ = {
			isa = PBXGroup;
			children = (
				90CF4A7574AC87221B22E4BA /* GithubSearchClientSpec.m */,
				90CF4874E8EEC42B57F5BB9B /* OHHTTPStubs+GithubAPI.m */,
				90CF40D7D26BF769521055FF /* OHHTTPStubs+GithubAPI.h */,
			);
			name = GithubClient;
			sourceTree = "<group>";
		};
		AE09B8A9180A1F85000CD552 = {
			isa = PBXGroup;
			children = (
				AE09B8BB180A1F85000CD552 /* GithubTrending */,
				AE09B8D4180A1F85000CD552 /* GithubTrendingTests */,
				AE09B8B4180A1F85000CD552 /* Frameworks */,
				AE09B8B3180A1F85000CD552 /* Products */,
				735ACBE99BE8465BB606436B /* Pods-test.xcconfig */,
				1C170278D8CE405F9CC265A1 /* Pods.xcconfig */,
			);
			sourceTree = "<group>";
		};
		AE09B8B3180A1F85000CD552 /* Products */ = {
			isa = PBXGroup;
			children = (
				AE09B8B2180A1F85000CD552 /* GithubTrending.app */,
				AE09B8CD180A1F85000CD552 /* GithubTrendingTests.octest */,
			);
			name = Products;
			sourceTree = "<group>";
		};
		AE09B8B4180A1F85000CD552 /* Frameworks */ = {
			isa = PBXGroup;
			children = (
				AE09B8EC180A4D7A000CD552 /* SenTestingKit.framework */,
				AE09B8B5180A1F85000CD552 /* Foundation.framework */,
				AE09B8B7180A1F85000CD552 /* CoreGraphics.framework */,
				AE09B8B9180A1F85000CD552 /* UIKit.framework */,
				142616CB7DB94EF1BD9FEAB1 /* libPods-test.a */,
				03BF9024A58E4B85B2E6D3FB /* libPods.a */,
			);
			name = Frameworks;
			sourceTree = "<group>";
		};
		AE09B8BB180A1F85000CD552 /* GithubTrending */ = {
			isa = PBXGroup;
			children = (
				90CF4BF9F1E99FBA889C0275 /* Controllers */,
				AE09B8C4180A1F85000CD552 /* GithubTrendingAppDelegate.h */,
				AE09B8C5180A1F85000CD552 /* GithubTrendingAppDelegate.m */,
				AE09B8C7180A1F85000CD552 /* Images.xcassets */,
				AE09B8BC180A1F85000CD552 /* Supporting Files */,
				90CF4E5C73BDBCEC042CC187 /* GithubClient */,
			);
			path = GithubTrending;
			sourceTree = "<group>";
		};
		AE09B8BC180A1F85000CD552 /* Supporting Files */ = {
			isa = PBXGroup;
			children = (
				AE09B8BD180A1F85000CD552 /* GithubTrending-Info.plist */,
				AE09B8BE180A1F85000CD552 /* InfoPlist.strings */,
				AE09B8C1180A1F85000CD552 /* main.m */,
				AE09B8C3180A1F85000CD552 /* GithubTrending-Prefix.pch */,
			);
			name = "Supporting Files";
			sourceTree = "<group>";
		};
		AE09B8D4180A1F85000CD552 /* GithubTrendingTests */ = {
			isa = PBXGroup;
			children = (
				AEC4E3A4180F0B0A00F8EFC7 /* Resources */,
				AE09B8D5180A1F85000CD552 /* Supporting Files */,
				AE09B8EA180A4A6F000CD552 /* AppDelegateSpec.m */,
				90CF495460D458ED9FC6350C /* Controllers */,
				90CF4FCA4BCB6C4C28AB9F59 /* GithubClient */,
			);
			path = GithubTrendingTests;
			sourceTree = "<group>";
		};
		AE09B8D5180A1F85000CD552 /* Supporting Files */ = {
			isa = PBXGroup;
			children = (
				AE09B8D6180A1F85000CD552 /* GithubTrendingTests-Info.plist */,
				AE09B8D7180A1F85000CD552 /* InfoPlist.strings */,
				AE09B8EF180B4B89000CD552 /* GithubTrendingTests-Prefix.pch */,
			);
			name = "Supporting Files";
			sourceTree = "<group>";
		};
		AEC4E3A4180F0B0A00F8EFC7 /* Resources */ = {
			isa = PBXGroup;
			children = (
				AEC4E3A5180F0BAC00F8EFC7 /* search_response.json */,
			);
			name = Resources;
			sourceTree = "<group>";
		};
/* End PBXGroup section */

/* Begin PBXNativeTarget section */
		AE09B8B1180A1F85000CD552 /* GithubTrending */ = {
			isa = PBXNativeTarget;
			buildConfigurationList = AE09B8DE180A1F86000CD552 /* Build configuration list for PBXNativeTarget "GithubTrending" */;
			buildPhases = (
				11CFBE0CD29749B888C4092F /* Check Pods Manifest.lock */,
				AE09B8AE180A1F85000CD552 /* Sources */,
				AE09B8AF180A1F85000CD552 /* Frameworks */,
				AE09B8B0180A1F85000CD552 /* Resources */,
				3DE784F264CD40FDB5BE0664 /* Copy Pods Resources */,
			);
			buildRules = (
			);
			dependencies = (
			);
			name = GithubTrending;
			productName = GithubTrending;
			productReference = AE09B8B2180A1F85000CD552 /* GithubTrending.app */;
			productType = "com.apple.product-type.application";
		};
		AE09B8CC180A1F85000CD552 /* GithubTrendingTests */ = {
			isa = PBXNativeTarget;
			buildConfigurationList = AE09B8E1180A1F86000CD552 /* Build configuration list for PBXNativeTarget "GithubTrendingTests" */;
			buildPhases = (
				F0080E78ABDA47D89A9B403A /* Check Pods Manifest.lock */,
				AE09B8C9180A1F85000CD552 /* Sources */,
				AE09B8CA180A1F85000CD552 /* Frameworks */,
				AE09B8CB180A1F85000CD552 /* Resources */,
				49A87C732EE54BF5876C6FBE /* Copy Pods Resources */,
			);
			buildRules = (
			);
			dependencies = (
				AE09B8D3180A1F85000CD552 /* PBXTargetDependency */,
			);
			name = GithubTrendingTests;
			productName = GithubTrendingTests;
			productReference = AE09B8CD180A1F85000CD552 /* GithubTrendingTests.octest */;
			productType = "com.apple.product-type.bundle.unit-test";
		};
/* End PBXNativeTarget section */

/* Begin PBXProject section */
		AE09B8AA180A1F85000CD552 /* Project object */ = {
			isa = PBXProject;
			attributes = {
				LastUpgradeCheck = 0500;
				ORGANIZATIONNAME = "Matt Darnall";
				TargetAttributes = {
					AE09B8CC180A1F85000CD552 = {
						TestTargetID = AE09B8B1180A1F85000CD552 /* GithubTrending */;
					};
				};
			};
			buildConfigurationList = AE09B8AD180A1F85000CD552 /* Build configuration list for PBXProject "GithubTrending" */;
			compatibilityVersion = "Xcode 3.2";
			developmentRegion = English;
			hasScannedForEncodings = 0;
			knownRegions = (
				en,
			);
			mainGroup = AE09B8A9180A1F85000CD552;
			productRefGroup = AE09B8B3180A1F85000CD552 /* Products */;
			projectDirPath = "";
			projectRoot = "";
			targets = (
				AE09B8B1180A1F85000CD552 /* GithubTrending */,
				AE09B8CC180A1F85000CD552 /* GithubTrendingTests */,
			);
		};
/* End PBXProject section */

/* Begin PBXResourcesBuildPhase section */
		AE09B8B0180A1F85000CD552 /* Resources */ = {
			isa = PBXResourcesBuildPhase;
			buildActionMask = 2147483647;
			files = (
				AE0F2D5E180B55C000137054 /* TrendingListViewController.xib in Resources */,
				AE09B8C0180A1F85000CD552 /* InfoPlist.strings in Resources */,
				AE09B8C8180A1F85000CD552 /* Images.xcassets in Resources */,
			);
			runOnlyForDeploymentPostprocessing = 0;
		};
		AE09B8CB180A1F85000CD552 /* Resources */ = {
			isa = PBXResourcesBuildPhase;
			buildActionMask = 2147483647;
			files = (
				AEC4E3A6180F0BAC00F8EFC7 /* search_response.json in Resources */,
				AE09B8D9180A1F85000CD552 /* InfoPlist.strings in Resources */,
			);
			runOnlyForDeploymentPostprocessing = 0;
		};
/* End PBXResourcesBuildPhase section */

/* Begin PBXShellScriptBuildPhase section */
		11CFBE0CD29749B888C4092F /* Check Pods Manifest.lock */ = {
			isa = PBXShellScriptBuildPhase;
			buildActionMask = 2147483647;
			files = (
			);
			inputPaths = (
			);
			name = "Check Pods Manifest.lock";
			outputPaths = (
			);
			runOnlyForDeploymentPostprocessing = 0;
			shellPath = /bin/sh;
			shellScript = "diff \"${PODS_ROOT}/../Podfile.lock\" \"${PODS_ROOT}/Manifest.lock\" > /dev/null\nif [[ $? != 0 ]] ; then\n    cat << EOM\nerror: The sandbox is not in sync with the Podfile.lock. Run 'pod install' or update your CocoaPods installation.\nEOM\n    exit 1\nfi\n";
			showEnvVarsInLog = 0;
		};
		3DE784F264CD40FDB5BE0664 /* Copy Pods Resources */ = {
			isa = PBXShellScriptBuildPhase;
			buildActionMask = 2147483647;
			files = (
			);
			inputPaths = (
			);
			name = "Copy Pods Resources";
			outputPaths = (
			);
			runOnlyForDeploymentPostprocessing = 0;
			shellPath = /bin/sh;
			shellScript = "\"${SRCROOT}/Pods/Pods-resources.sh\"\n";
			showEnvVarsInLog = 0;
		};
		49A87C732EE54BF5876C6FBE /* Copy Pods Resources */ = {
			isa = PBXShellScriptBuildPhase;
			buildActionMask = 2147483647;
			files = (
			);
			inputPaths = (
			);
			name = "Copy Pods Resources";
			outputPaths = (
			);
			runOnlyForDeploymentPostprocessing = 0;
			shellPath = /bin/sh;
			shellScript = "\"${SRCROOT}/Pods/Pods-test-resources.sh\"\n";
			showEnvVarsInLog = 0;
		};
		F0080E78ABDA47D89A9B403A /* Check Pods Manifest.lock */ = {
			isa = PBXShellScriptBuildPhase;
			buildActionMask = 2147483647;
			files = (
			);
			inputPaths = (
			);
			name = "Check Pods Manifest.lock";
			outputPaths = (
			);
			runOnlyForDeploymentPostprocessing = 0;
			shellPath = /bin/sh;
			shellScript = "diff \"${PODS_ROOT}/../Podfile.lock\" \"${PODS_ROOT}/Manifest.lock\" > /dev/null\nif [[ $? != 0 ]] ; then\n    cat << EOM\nerror: The sandbox is not in sync with the Podfile.lock. Run 'pod install' or update your CocoaPods installation.\nEOM\n    exit 1\nfi\n";
			showEnvVarsInLog = 0;
		};
/* End PBXShellScriptBuildPhase section */

/* Begin PBXSourcesBuildPhase section */
		AE09B8AE180A1F85000CD552 /* Sources */ = {
			isa = PBXSourcesBuildPhase;
			buildActionMask = 2147483647;
			files = (
				AE09B8C6180A1F85000CD552 /* GithubTrendingAppDelegate.m in Sources */,
				AE922BC2180B673100CA66FD /* TrendingTableViewDataSource.m in Sources */,
				AE0F2D5D180B55C000137054 /* TrendingListViewController.m in Sources */,
				AE09B8C2180A1F85000CD552 /* main.m in Sources */,
				90CF4452857929314C527603 /* GithubSearchClient.m in Sources */,
			);
			runOnlyForDeploymentPostprocessing = 0;
		};
		AE09B8C9180A1F85000CD552 /* Sources */ = {
			isa = PBXSourcesBuildPhase;
			buildActionMask = 2147483647;
			files = (
				AE09B8EB180A4A6F000CD552 /* AppDelegateSpec.m in Sources */,
				90CF49E2F5BCE82971DFFF57 /* TrendingListViewControllerSpec.m in Sources */,
				90CF4D5BECB070C5EE8F07A3 /* TrendingTableViewDataSourceSpec.m in Sources */,
				90CF4DFBD12ADB0C18177111 /* GithubSearchClientSpec.m in Sources */,
				90CF400362443D953C16F23F /* OHHTTPStubs+GithubAPI.m in Sources */,
				90CF48BD4C0849CD0183A954 /* TrendingRepositoriesSpec.m in Sources */,
			);
			runOnlyForDeploymentPostprocessing = 0;
		};
/* End PBXSourcesBuildPhase section */

/* Begin PBXTargetDependency section */
		AE09B8D3180A1F85000CD552 /* PBXTargetDependency */ = {
			isa = PBXTargetDependency;
			target = AE09B8B1180A1F85000CD552 /* GithubTrending */;
			targetProxy = AE09B8D2180A1F85000CD552 /* PBXContainerItemProxy */;
		};
/* End PBXTargetDependency section */

/* Begin PBXVariantGroup section */
		AE09B8BE180A1F85000CD552 /* InfoPlist.strings */ = {
			isa = PBXVariantGroup;
			children = (
				AE09B8BF180A1F85000CD552 /* en */,
			);
			name = InfoPlist.strings;
			sourceTree = "<group>";
		};
		AE09B8D7180A1F85000CD552 /* InfoPlist.strings */ = {
			isa = PBXVariantGroup;
			children = (
				AE09B8D8180A1F85000CD552 /* en */,
			);
			name = InfoPlist.strings;
			sourceTree = "<group>";
		};
/* End PBXVariantGroup section */

/* Begin XCBuildConfiguration section */
		AE09B8DC180A1F86000CD552 /* Debug */ = {
			isa = XCBuildConfiguration;
			buildSettings = {
				ALWAYS_SEARCH_USER_PATHS = NO;
				ARCHS = "$(ARCHS_STANDARD_INCLUDING_64_BIT)";
				CLANG_CXX_LANGUAGE_STANDARD = "gnu++0x";
				CLANG_CXX_LIBRARY = "libc++";
				CLANG_ENABLE_MODULES = YES;
				CLANG_ENABLE_OBJC_ARC = YES;
				CLANG_WARN_BOOL_CONVERSION = YES;
				CLANG_WARN_CONSTANT_CONVERSION = YES;
				CLANG_WARN_DIRECT_OBJC_ISA_USAGE = YES_ERROR;
				CLANG_WARN_EMPTY_BODY = YES;
				CLANG_WARN_ENUM_CONVERSION = YES;
				CLANG_WARN_INT_CONVERSION = YES;
				CLANG_WARN_OBJC_ROOT_CLASS = YES_ERROR;
				CLANG_WARN__DUPLICATE_METHOD_MATCH = YES;
				"CODE_SIGN_IDENTITY[sdk=iphoneos*]" = "iPhone Developer";
				COPY_PHASE_STRIP = NO;
				GCC_C_LANGUAGE_STANDARD = gnu99;
				GCC_DYNAMIC_NO_PIC = NO;
				GCC_OPTIMIZATION_LEVEL = 0;
				GCC_PREPROCESSOR_DEFINITIONS = (
					"DEBUG=1",
					"$(inherited)",
				);
				GCC_SYMBOLS_PRIVATE_EXTERN = NO;
				GCC_WARN_64_TO_32_BIT_CONVERSION = YES;
				GCC_WARN_ABOUT_RETURN_TYPE = YES_ERROR;
				GCC_WARN_UNDECLARED_SELECTOR = YES;
				GCC_WARN_UNINITIALIZED_AUTOS = YES;
				GCC_WARN_UNUSED_FUNCTION = YES;
				GCC_WARN_UNUSED_VARIABLE = YES;
				IPHONEOS_DEPLOYMENT_TARGET = 7.0;
				ONLY_ACTIVE_ARCH = YES;
				SDKROOT = iphoneos;
			};
			name = Debug;
		};
		AE09B8DD180A1F86000CD552 /* Release */ = {
			isa = XCBuildConfiguration;
			buildSettings = {
				ALWAYS_SEARCH_USER_PATHS = NO;
				ARCHS = "$(ARCHS_STANDARD_INCLUDING_64_BIT)";
				CLANG_CXX_LANGUAGE_STANDARD = "gnu++0x";
				CLANG_CXX_LIBRARY = "libc++";
				CLANG_ENABLE_MODULES = YES;
				CLANG_ENABLE_OBJC_ARC = YES;
				CLANG_WARN_BOOL_CONVERSION = YES;
				CLANG_WARN_CONSTANT_CONVERSION = YES;
				CLANG_WARN_DIRECT_OBJC_ISA_USAGE = YES_ERROR;
				CLANG_WARN_EMPTY_BODY = YES;
				CLANG_WARN_ENUM_CONVERSION = YES;
				CLANG_WARN_INT_CONVERSION = YES;
				CLANG_WARN_OBJC_ROOT_CLASS = YES_ERROR;
				CLANG_WARN__DUPLICATE_METHOD_MATCH = YES;
				"CODE_SIGN_IDENTITY[sdk=iphoneos*]" = "iPhone Developer";
				COPY_PHASE_STRIP = YES;
				ENABLE_NS_ASSERTIONS = NO;
				GCC_C_LANGUAGE_STANDARD = gnu99;
				GCC_WARN_64_TO_32_BIT_CONVERSION = YES;
				GCC_WARN_ABOUT_RETURN_TYPE = YES_ERROR;
				GCC_WARN_UNDECLARED_SELECTOR = YES;
				GCC_WARN_UNINITIALIZED_AUTOS = YES;
				GCC_WARN_UNUSED_FUNCTION = YES;
				GCC_WARN_UNUSED_VARIABLE = YES;
				IPHONEOS_DEPLOYMENT_TARGET = 7.0;
				SDKROOT = iphoneos;
				VALIDATE_PRODUCT = YES;
			};
			name = Release;
		};
		AE09B8DF180A1F86000CD552 /* Debug */ = {
			isa = XCBuildConfiguration;
			baseConfigurationReference = 1C170278D8CE405F9CC265A1 /* Pods.xcconfig */;
			buildSettings = {
				ASSETCATALOG_COMPILER_APPICON_NAME = AppIcon;
				ASSETCATALOG_COMPILER_LAUNCHIMAGE_NAME = LaunchImage;
				FRAMEWORK_SEARCH_PATHS = (
					"$(inherited)",
					"$(DEVELOPER_FRAMEWORKS_DIR)",
				);
				GCC_PRECOMPILE_PREFIX_HEADER = YES;
				GCC_PREFIX_HEADER = "GithubTrending/GithubTrending-Prefix.pch";
				INFOPLIST_FILE = "GithubTrending/GithubTrending-Info.plist";
				PRODUCT_NAME = "$(TARGET_NAME)";
				USER_HEADER_SEARCH_PATHS = "\"${PROJECT_DIR}/Pods\"/** \"${PROJECT_DIR}/Pods\"/**";
				WRAPPER_EXTENSION = app;
			};
			name = Debug;
		};
		AE09B8E0180A1F86000CD552 /* Release */ = {
			isa = XCBuildConfiguration;
			baseConfigurationReference = 1C170278D8CE405F9CC265A1 /* Pods.xcconfig */;
			buildSettings = {
				ASSETCATALOG_COMPILER_APPICON_NAME = AppIcon;
				ASSETCATALOG_COMPILER_LAUNCHIMAGE_NAME = LaunchImage;
				FRAMEWORK_SEARCH_PATHS = (
					"$(inherited)",
					"$(DEVELOPER_FRAMEWORKS_DIR)",
				);
				GCC_PRECOMPILE_PREFIX_HEADER = YES;
				GCC_PREFIX_HEADER = "GithubTrending/GithubTrending-Prefix.pch";
				INFOPLIST_FILE = "GithubTrending/GithubTrending-Info.plist";
				PRODUCT_NAME = "$(TARGET_NAME)";
				USER_HEADER_SEARCH_PATHS = "\"${PROJECT_DIR}/Pods\"/** \"${PROJECT_DIR}/Pods\"/**";
				WRAPPER_EXTENSION = app;
			};
			name = Release;
		};
		AE09B8E2180A1F86000CD552 /* Debug */ = {
			isa = XCBuildConfiguration;
			baseConfigurationReference = 735ACBE99BE8465BB606436B /* Pods-test.xcconfig */;
			buildSettings = {
				ARCHS = "$(ARCHS_STANDARD_INCLUDING_64_BIT)";
				BUNDLE_LOADER = "$(BUILT_PRODUCTS_DIR)/GithubTrending.app/GithubTrending";
				FRAMEWORK_SEARCH_PATHS = (
					"$(SDKROOT)/Developer/Library/Frameworks",
					"$(inherited)",
					"$(DEVELOPER_FRAMEWORKS_DIR)",
				);
				GCC_PRECOMPILE_PREFIX_HEADER = YES;
				GCC_PREFIX_HEADER = "GithubTrendingTests/GithubTrendingTests-Prefix.pch";
				GCC_PREPROCESSOR_DEFINITIONS = (
					"DEBUG=1",
					"$(inherited)",
				);
				INFOPLIST_FILE = "GithubTrendingTests/GithubTrendingTests-Info.plist";
				PRODUCT_NAME = "$(TARGET_NAME)";
				TEST_HOST = "$(BUNDLE_LOADER)";
				WRAPPER_EXTENSION = octest;
			};
			name = Debug;
		};
		AE09B8E3180A1F86000CD552 /* Release */ = {
			isa = XCBuildConfiguration;
			baseConfigurationReference = 735ACBE99BE8465BB606436B /* Pods-test.xcconfig */;
			buildSettings = {
				ARCHS = "$(ARCHS_STANDARD_INCLUDING_64_BIT)";
				BUNDLE_LOADER = "$(BUILT_PRODUCTS_DIR)/GithubTrending.app/GithubTrending";
				FRAMEWORK_SEARCH_PATHS = (
					"$(SDKROOT)/Developer/Library/Frameworks",
					"$(inherited)",
					"$(DEVELOPER_FRAMEWORKS_DIR)",
				);
				GCC_PRECOMPILE_PREFIX_HEADER = YES;
				GCC_PREFIX_HEADER = "GithubTrendingTests/GithubTrendingTests-Prefix.pch";
				INFOPLIST_FILE = "GithubTrendingTests/GithubTrendingTests-Info.plist";
				PRODUCT_NAME = "$(TARGET_NAME)";
				TEST_HOST = "$(BUNDLE_LOADER)";
				WRAPPER_EXTENSION = octest;
			};
			name = Release;
		};
/* End XCBuildConfiguration section */

/* Begin XCConfigurationList section */
		AE09B8AD180A1F85000CD552 /* Build configuration list for PBXProject "GithubTrending" */ = {
			isa = XCConfigurationList;
			buildConfigurations = (
				AE09B8DC180A1F86000CD552 /* Debug */,
				AE09B8DD180A1F86000CD552 /* Release */,
			);
			defaultConfigurationIsVisible = 0;
			defaultConfigurationName = Release;
		};
		AE09B8DE180A1F86000CD552 /* Build configuration list for PBXNativeTarget "GithubTrending" */ = {
			isa = XCConfigurationList;
			buildConfigurations = (
				AE09B8DF180A1F86000CD552 /* Debug */,
				AE09B8E0180A1F86000CD552 /* Release */,
			);
			defaultConfigurationIsVisible = 0;
			defaultConfigurationName = Release;
		};
		AE09B8E1180A1F86000CD552 /* Build configuration list for PBXNativeTarget "GithubTrendingTests" */ = {
			isa = XCConfigurationList;
			buildConfigurations = (
				AE09B8E2180A1F86000CD552 /* Debug */,
				AE09B8E3180A1F86000CD552 /* Release */,
			);
			defaultConfigurationIsVisible = 0;
			defaultConfigurationName = Release;
		};
/* End XCConfigurationList section */
	};
	rootObject = AE09B8AA180A1F85000CD552 /* Project object */;
}
